{
  "name": "blocksites",
  "version": "0.2.0",
  "lockfileVersion": 1,
  "requires": true,
  "dependencies": {
    "bip65": {
      "version": "1.0.3",
      "resolved": "https://registry.npmjs.org/bip65/-/bip65-1.0.3.tgz",
      "integrity": "sha512-RQ1nc7xtnLa5XltnCqkoR2zmhuz498RjMJwrLKQzOE049D1HUqnYfon7cVSbwS5UGm0/EQlC2CH+NY3MyITA4Q=="
    },
    "bitcoinjs-lib": {
      "version": "5.1.6",
      "resolved": "https://registry.npmjs.org/bitcoinjs-lib/-/bitcoinjs-lib-5.1.6.tgz",
      "integrity": "sha512-NgvnA8XXUuzpuBnVs1plzZvVOYsuont4KPzaGcVIwjktYQbCk1hUkXnt4wujIOBscNsXuu+plVbPYvtMosZI/w=="
    },
    "jquery": {
      "version": "3.5.0",
      "resolved": "https://registry.npmjs.org/jquery/-/jquery-3.5.0.tgz",
      "integrity": "sha512-Xb7SVYMvygPxbFMpTFQiHh1J7HClEaThguL15N/Gg37Lri/qKyhRGZYzHRyLH8Stq3Aow0LsHO2O2ci86fCrNQ=="
    },
    "node-fetch": {
      "version": "2.6.0",
      "resolved": "https://registry.npmjs.org/node-fetch/-/node-fetch-2.6.0.tgz",
      "integrity": "sha512-8dG4H5ujfvFiqDmVu9fQ5bOHUC15JMjMY/Zumv26oOvvVJjM67KF8koCWIabKQ1GJIa9r2mMZscBq/TbdOcmNA=="
    }
  }
}
